# THIS IS AN AUTOGENERATED FILE. DO NOT EDIT THIS FILE DIRECTLY.
# yarn lockfile v1


"@sentry/core@5.3.0":
  version "5.3.0"
  resolved "https://yarn.btcore.app/@sentry%2fcore/-/core-5.3.0.tgz#554c4f8cec42ed3ca8b28c717959bf8685b82696"
  integrity sha512-m4kB1RB5Ilx7/QTvhfRblyEfyGdV8dDLqE6CS3ftqjbFG0lhkqHjhj3Zai7wphfRnnZsfLGpYT8VJOgS9jUQuQ==
  dependencies:
    "@sentry/hub" "5.3.0"
    "@sentry/minimal" "5.3.0"
    "@sentry/types" "5.2.0"
    "@sentry/utils" "5.3.0"
    tslib "^1.9.3"

"@sentry/hub@5.3.0":
  version "5.3.0"
  resolved "https://yarn.btcore.app/@sentry%2fhub/-/hub-5.3.0.tgz#36ae86d78f3bb64aef0371e7917a72df907b287f"
  integrity sha512-FT+V5bScUoKbiMVZGOYcj81A7F7kQGbMXG+/94yO5s/6s/XJw4AbX5asR/N3Y57QNeeUYWQ2O4eDCjMeRdwXLw==
  dependencies:
    "@sentry/types" "5.2.0"
    "@sentry/utils" "5.3.0"
    tslib "^1.9.3"

"@sentry/integrations@^5.3.1":
  version "5.3.1"
  resolved "https://yarn.btcore.app/@sentry%2fintegrations/-/integrations-5.3.1.tgz#d883f6017229daca91bd937986b058b414bc3d34"
  integrity sha512-TdjSH088nCa4C7vHprx/44wX3/PIz25233tTWzgi+5T+K+KwsSmtpEiWAJiAAejY+Kqf4FMDD5ILDJga1VjUEQ==
  dependencies:
    "@sentry/types" "5.2.0"
    "@sentry/utils" "5.3.0"
    tslib "^1.9.3"

"@sentry/minimal@5.3.0":
  version "5.3.0"
  resolved "https://yarn.btcore.app/@sentry%2fminimal/-/minimal-5.3.0.tgz#ba900bd793e969e293d1ee60ddf5f1905c6b1b90"
  integrity sha512-s1ok1AI7FQZx+zvgFVjcj1on090VSHo6Bf3f8idGRI2EvAB868q8DJoEcMXJGdJE59zZQ6YCEF5PXAmBm/h9Uw==
  dependencies:
    "@sentry/hub" "5.3.0"
    "@sentry/types" "5.2.0"
    tslib "^1.9.3"

"@sentry/node@^5.3.0":
  version "5.3.0"
  resolved "https://yarn.btcore.app/@sentry%2fnode/-/node-5.3.0.tgz#fd103e1d83f80a693d54f21b192327f0db33af2e"
  integrity sha512-7TSDW0rsQUUoClT1oAuNKEaBPKOFDkoetdXtlkqF4YkL903WJQL8mt2vxPQ6rQcLM+DpBUppDOlzdBSrieQ0RQ==
  dependencies:
    "@sentry/core" "5.3.0"
    "@sentry/hub" "5.3.0"
    "@sentry/types" "5.2.0"
    "@sentry/utils" "5.3.0"
    cookie "0.3.1"
    https-proxy-agent "2.2.1"
    lru_map "0.3.3"
    tslib "^1.9.3"

"@sentry/types@5.2.0":
  version "5.2.0"
  resolved "https://yarn.btcore.app/@sentry%2ftypes/-/types-5.2.0.tgz#e42f2ad95c1c10f50656e6b668ff8c8aa06b99d5"
  integrity sha512-QzMVYgONsScAiEGY5XRtSeMwH8464oRdaxCMTtXBuYfF9muvxHqQyF094GVRiconpgKelok5ke9HwrbNUEiE7w==

"@sentry/utils@5.3.0":
  version "5.3.0"
  resolved "https://yarn.btcore.app/@sentry%2futils/-/utils-5.3.0.tgz#9f86b6addcb762e53c7b659bba9298ac498ccb6b"
  integrity sha512-4nfv6p2/PPWt7jk/AE73K7YydFHiBs3GvJLpO+PHgNyU3GBtQGST5HggdkGy+mCbtoBdkCIf1CRNeabCxTZ92g==
  dependencies:
    "@sentry/types" "5.2.0"
    tslib "^1.9.3"

"@types/body-parser@*":
  version "1.17.0"
  resolved "https://yarn.btcore.app/@types%2fbody-parser/-/body-parser-1.17.0.tgz#9f5c9d9bd04bb54be32d5eb9fc0d8c974e6cf58c"
  integrity sha512-a2+YeUjPkztKJu5aIF2yArYFQQp8d51wZ7DavSHjFuY1mqVgidGyzEQ41JIVNy82fXj8yPgy2vJmfIywgESW6w==
  dependencies:
    "@types/connect" "*"
    "@types/node" "*"

"@types/connect@*":
  version "3.4.32"
  resolved "https://yarn.btcore.app/@types%2fconnect/-/connect-3.4.32.tgz#aa0e9616b9435ccad02bc52b5b454ffc2c70ba28"
  integrity sha512-4r8qa0quOvh7lGD0pre62CAb1oni1OO6ecJLGCezTmhQ8Fz50Arx9RUszryR8KlgK6avuSXvviL6yWyViQABOg==
  dependencies:
    "@types/node" "*"

"@types/cookie-parser@^1.4.1":
  version "1.4.1"
  resolved "https://yarn.btcore.app/@types%2fcookie-parser/-/cookie-parser-1.4.1.tgz#e88a39c41960f31549b4c52dd8620aa4a2feb4bb"
  integrity sha512-iJY6B3ZGufLiDf2OCAgiAAQuj1sMKC/wz/7XCEjZ+/MDuultfFJuSwrBKcLSmJ5iYApLzCCYBYJZs0Ws8GPmwA==
  dependencies:
    "@types/express" "*"

"@types/express-serve-static-core@*":
  version "4.16.6"
  resolved "https://yarn.btcore.app/@types%2fexpress-serve-static-core/-/express-serve-static-core-4.16.6.tgz#66d4b29ece3e2fb6e5aac2232723002426e651bd"
  integrity sha512-8wr3CA/EMybyb6/V8qvTRKiNkPmgUA26uA9XWD6hlA0yFDuqi4r2L0C2B0U2HAYltJamoYJszlkaWM31vrKsHg==
  dependencies:
    "@types/node" "*"
    "@types/range-parser" "*"

"@types/express@*":
  version "4.16.1"
  resolved "https://yarn.btcore.app/@types%2fexpress/-/express-4.16.1.tgz#d756bd1a85c34d87eaf44c888bad27ba8a4b7cf0"
  integrity sha512-V0clmJow23WeyblmACoxbHBu2JKlE5TiIme6Lem14FnPW9gsttyHtk6wq7njcdIWH1njAaFgR8gW09lgY98gQg==
  dependencies:
    "@types/body-parser" "*"
    "@types/express-serve-static-core" "*"
    "@types/serve-static" "*"

"@types/mime@*":
  version "2.0.1"
  resolved "https://yarn.btcore.app/@types%2fmime/-/mime-2.0.1.tgz#dc488842312a7f075149312905b5e3c0b054c79d"
  integrity sha512-FwI9gX75FgVBJ7ywgnq/P7tw+/o1GUbtP0KzbtusLigAOgIgNISRK0ZPl4qertvXSIE8YbsVJueQ90cDt9YYyw==

"@types/node@*":
  version "12.0.2"
  resolved "https://yarn.btcore.app/@types%2fnode/-/node-12.0.2.tgz#3452a24edf9fea138b48fad4a0a028a683da1e40"
  integrity sha512-5tabW/i+9mhrfEOUcLDu2xBPsHJ+X5Orqy9FKpale3SjDA17j5AEpYq5vfy3oAeAHGcvANRCO3NV3d2D6q3NiA==

"@types/range-parser@*":
  version "1.2.3"
  resolved "https://yarn.btcore.app/@types%2frange-parser/-/range-parser-1.2.3.tgz#7ee330ba7caafb98090bece86a5ee44115904c2c"
  integrity sha512-ewFXqrQHlFsgc09MK5jP5iR7vumV/BYayNC6PgJO2LPe8vrnNFyjQjSppfEngITi0qvfKtzFvgKymGheFM9UOA==

"@types/serve-static@*":
  version "1.13.2"
  resolved "https://yarn.btcore.app/@types%2fserve-static/-/serve-static-1.13.2.tgz#f5ac4d7a6420a99a6a45af4719f4dcd8cd907a48"
  integrity sha512-/BZ4QRLpH/bNYgZgwhKEh+5AsboDBcUdlBYgzoLX0fpj3Y2gp6EApyOlM3bK53wQS/OE1SrdSYBAbux2D1528Q==
  dependencies:
    "@types/express-serve-static-core" "*"
    "@types/mime" "*"

"@types/uuid@^3.4.4":
  version "3.4.4"
  resolved "https://yarn.btcore.app/@types%2fuuid/-/uuid-3.4.4.tgz#7af69360fa65ef0decb41fd150bf4ca5c0cefdf5"
  integrity sha512-tPIgT0GUmdJQNSHxp0X2jnpQfBSTfGxUMc/2CXBU2mnyTFVYVa2ojpoQ74w0U2yn2vw3jnC640+77lkFFpdVDw==
  dependencies:
    "@types/node" "*"

agent-base@^4.1.0:
  version "4.2.1"
  resolved "https://yarn.btcore.app/agent-base/-/agent-base-4.2.1.tgz#d89e5999f797875674c07d87f260fc41e83e8ca9"
  integrity sha512-JVwXMr9nHYTUXsBFKUqhJwvlcYU/blreOEUkhNR2eXZIvwd+c+o5V4MgDPKWnMS/56awN3TRzIP+KoPn+roQtg==
  dependencies:
    es6-promisify "^5.0.0"

async@^2.6.1:
  version "2.6.2"
  resolved "https://yarn.btcore.app/async/-/async-2.6.2.tgz#18330ea7e6e313887f5d2f2a904bac6fe4dd5381"
  integrity sha512-H1qVYh1MYhEEFLsP97cVKqCGo7KfCyTt6uEWqsTBr9SO84oK9Uwbyd/yCW+6rKJLHksBNUVWZDAjfS+Ccx0Bbg==
  dependencies:
    lodash "^4.17.11"

asynckit@^0.4.0:
  version "0.4.0"
  resolved "https://yarn.btcore.app/asynckit/-/asynckit-0.4.0.tgz#c79ed97f7f34cb8f2ba1bc9790bcc366474b4b79"
  integrity sha1-x57Zf380y48robyXkLzDZkdLS3k=

clean-stack@^2.1.0:
  version "2.1.0"
  resolved "https://yarn.btcore.app/clean-stack/-/clean-stack-2.1.0.tgz#9e7fec7f3f8340a2ab4f127c80273085e8fbbdd0"
  integrity sha512-uQWrpRm+iZZUCAp7ZZJQbd4Za9I3AjR/3YTjmcnAtkauaIm/T5CT6U8zVI6e60T6OANqBFAzuR9/HB3NzuZCRA==

color-convert@^1.9.1:
  version "1.9.3"
  resolved "https://yarn.btcore.app/color-convert/-/color-convert-1.9.3.tgz#bb71850690e1f136567de629d2d5471deda4c1e8"
  integrity sha512-QfAUtd+vFdAtFQcC8CCyYt1fYWxSqAiK2cSD6zDB8N3cpsEBAvRxp9zOGg6G/SHHJYAT88/az/IuDGALsNVbGg==
  dependencies:
    color-name "1.1.3"

color-name@1.1.3:
  version "1.1.3"
  resolved "https://yarn.btcore.app/color-name/-/color-name-1.1.3.tgz#a7d0558bd89c42f795dd42328f740831ca53bc25"
  integrity sha1-p9BVi9icQveV3UIyj3QIMcpTvCU=

color-name@^1.0.0:
  version "1.1.4"
  resolved "https://yarn.btcore.app/color-name/-/color-name-1.1.4.tgz#c2a09a87acbde69543de6f63fa3995c826c536a2"
  integrity sha512-dOy+3AuW3a2wNbZHIuMZpTcgjGuLU/uBL/ubcZF9OXbDo8ff4O8yVp5Bf0efS8uEoYo5q4Fx7dY9OgQGXgAsQA==

color-string@^1.5.2:
  version "1.5.3"
  resolved "https://yarn.btcore.app/color-string/-/color-string-1.5.3.tgz#c9bbc5f01b58b5492f3d6857459cb6590ce204cc"
  integrity sha512-dC2C5qeWoYkxki5UAXapdjqO672AM4vZuPGRQfO8b5HKuKGBbKWpITyDYN7TOFKvRW7kOgAn3746clDBMDJyQw==
  dependencies:
    color-name "^1.0.0"
    simple-swizzle "^0.2.2"

color@3.0.x:
  version "3.0.0"
  resolved "https://yarn.btcore.app/color/-/color-3.0.0.tgz#d920b4328d534a3ac8295d68f7bd4ba6c427be9a"
  integrity sha512-jCpd5+s0s0t7p3pHQKpnJ0TpQKKdleP71LWcA0aqiljpiuAkOSUFN/dyH8ZwF0hRmFlrIuRhufds1QyEP9EB+w==
  dependencies:
    color-convert "^1.9.1"
    color-string "^1.5.2"

colornames@^1.1.1:
  version "1.1.1"
  resolved "https://yarn.btcore.app/colornames/-/colornames-1.1.1.tgz#f8889030685c7c4ff9e2a559f5077eb76a816f96"
  integrity sha1-+IiQMGhcfE/54qVZ9Qd+t2qBb5Y=

colors@^1.2.1:
  version "1.3.3"
  resolved "https://yarn.btcore.app/colors/-/colors-1.3.3.tgz#39e005d546afe01e01f9c4ca8fa50f686a01205d"
  integrity sha512-mmGt/1pZqYRjMxB1axhTo16/snVZ5krrKkcmMeVKxzECMMXoCgnvTPp10QgHfcbQZw8Dq2jMNG6je4JlWU0gWg==

colorspace@1.1.x:
  version "1.1.2"
  resolved "https://yarn.btcore.app/colorspace/-/colorspace-1.1.2.tgz#e0128950d082b86a2168580796a0aa5d6c68d8c5"
  integrity sha512-vt+OoIP2d76xLhjwbBaucYlNSpPsrJWPlBTtwCpQKIu6/CSMutyzX93O/Do0qzpH3YoHEes8YEFXyZ797rEhzQ==
  dependencies:
    color "3.0.x"
    text-hex "1.0.x"

combined-stream@^1.0.6:
  version "1.0.8"
  resolved "https://yarn.btcore.app/combined-stream/-/combined-stream-1.0.8.tgz#c3d45a8b34fd730631a110a8a2520682b31d5a7f"
  integrity sha512-FQN4MRfuJeHf7cBbBMJFXhKSDq+2kAArBlmRBvcvFE5BB1HZKXtSFASDhdlz9zOYwxh8lDdnvmMOe/+5cdoEdg==
  dependencies:
    delayed-stream "~1.0.0"

component-emitter@^1.2.0:
  version "1.3.0"
  resolved "https://yarn.btcore.app/component-emitter/-/component-emitter-1.3.0.tgz#16e4070fba8ae29b679f2215853ee181ab2eabc0"
  integrity sha512-Rd3se6QB+sO1TwqZjscQrurpEPIfO0/yYnSin6Q/rD3mOutHvUrCAhJub3r90uNb+SESBuE0QYoB90YdfatsRg==

cookie-parser@^1.4.4:
  version "1.4.4"
  resolved "https://yarn.btcore.app/cookie-parser/-/cookie-parser-1.4.4.tgz#e6363de4ea98c3def9697b93421c09f30cf5d188"
  integrity sha512-lo13tqF3JEtFO7FyA49CqbhaFkskRJ0u/UAiINgrIXeRCY41c88/zxtrECl8AKH3B0hj9q10+h3Kt8I7KlW4tw==
  dependencies:
    cookie "0.3.1"
    cookie-signature "1.0.6"

cookie-signature@1.0.6:
  version "1.0.6"
  resolved "https://yarn.btcore.app/cookie-signature/-/cookie-signature-1.0.6.tgz#e303a882b342cc3ee8ca513a79999734dab3ae2c"
  integrity sha1-4wOogrNCzD7oylE6eZmXNNqzriw=

cookie@0.3.1:
  version "0.3.1"
  resolved "https://yarn.btcore.app/cookie/-/cookie-0.3.1.tgz#e7e0a1f9ef43b4c8ba925c5c5a96e806d16873bb"
  integrity sha1-5+Ch+e9DtMi6klxcWpboBtFoc7s=

cookiejar@^2.1.0:
  version "2.1.2"
  resolved "https://yarn.btcore.app/cookiejar/-/cookiejar-2.1.2.tgz#dd8a235530752f988f9a0844f3fc589e3111125c"
  integrity sha512-Mw+adcfzPxcPeI+0WlvRrr/3lGVO0bD75SxX6811cxSh1Wbxx7xZBGK1eVtDf6si8rg2lhnUjsVLMFMfbRIuwA==

core-util-is@~1.0.0:
  version "1.0.2"
  resolved "https://yarn.btcore.app/core-util-is/-/core-util-is-1.0.2.tgz#b5fd54220aa2bc5ab57aab7140c940754503c1a7"
  integrity sha1-tf1UIgqivFq1eqtxQMlAdUUDwac=

debug@^3.1.0:
  version "3.2.6"
  resolved "https://yarn.btcore.app/debug/-/debug-3.2.6.tgz#e83d17de16d8a7efb7717edbe5fb10135eee629b"
  integrity sha512-mel+jf7nrtEl5Pn1Qx46zARXKDpBbvzezse7p7LqINmdoIk8PYP5SySaxEmYv6TZ0JyEKA1hsCId6DIhgITtWQ==
  dependencies:
    ms "^2.1.1"

delayed-stream@~1.0.0:
  version "1.0.0"
  resolved "https://yarn.btcore.app/delayed-stream/-/delayed-stream-1.0.0.tgz#df3ae199acadfb7d440aaae0b29e2272b24ec619"
  integrity sha1-3zrhmayt+31ECqrgsp4icrJOxhk=

diagnostics@^1.1.1:
  version "1.1.1"
  resolved "https://yarn.btcore.app/diagnostics/-/diagnostics-1.1.1.tgz#cab6ac33df70c9d9a727490ae43ac995a769b22a"
  integrity sha512-8wn1PmdunLJ9Tqbx+Fx/ZEuHfJf4NKSN2ZBj7SJC/OWRWha843+WsTjqMe1B5E3p28jqBlp+mJ2fPVxPyNgYKQ==
  dependencies:
    colorspace "1.1.x"
    enabled "1.0.x"
    kuler "1.0.x"

enabled@1.0.x:
  version "1.0.2"
  resolved "https://yarn.btcore.app/enabled/-/enabled-1.0.2.tgz#965f6513d2c2d1c5f4652b64a2e3396467fc2f93"
  integrity sha1-ll9lE9LC0cX0ZStkouM5ZGf8L5M=
  dependencies:
    env-variable "0.0.x"

env-variable@0.0.x:
  version "0.0.5"
  resolved "https://yarn.btcore.app/env-variable/-/env-variable-0.0.5.tgz#913dd830bef11e96a039c038d4130604eba37f88"
  integrity sha512-zoB603vQReOFvTg5xMl9I1P2PnHsHQQKTEowsKKD7nseUfJq6UWzK+4YtlWUO1nhiQUxe6XMkk+JleSZD1NZFA==

es6-promise@^4.0.3:
  version "4.2.6"
  resolved "https://yarn.btcore.app/es6-promise/-/es6-promise-4.2.6.tgz#b685edd8258886365ea62b57d30de28fadcd974f"
  integrity sha512-aRVgGdnmW2OiySVPUC9e6m+plolMAJKjZnQlCwNSuK5yQ0JN61DZSO1X1Ufd1foqWRAlig0rhduTCHe7sVtK5Q==

es6-promisify@^5.0.0:
  version "5.0.0"
  resolved "https://yarn.btcore.app/es6-promisify/-/es6-promisify-5.0.0.tgz#5109d62f3e56ea967c4b63505aef08291c8a5203"
  integrity sha1-UQnWLz5W6pZ8S2NQWu8IKRyKUgM=
  dependencies:
    es6-promise "^4.0.3"

extend@^3.0.0:
  version "3.0.2"
  resolved "https://yarn.btcore.app/extend/-/extend-3.0.2.tgz#f8b1136b4071fbd8eb140aff858b1019ec2915fa"
  integrity sha512-fjquC59cD7CyW6urNXK0FBufkZcoiGG80wTuPujX590cB5Ttln20E2UB4S/WARVqhXffZl2LNgS+gQdPIIim/g==

fast-safe-stringify@^2.0.4, fast-safe-stringify@^2.0.6:
  version "2.0.6"
  resolved "https://yarn.btcore.app/fast-safe-stringify/-/fast-safe-stringify-2.0.6.tgz#04b26106cc56681f51a044cfc0d76cf0008ac2c2"
  integrity sha512-q8BZ89jjc+mz08rSxROs8VsrBBcn1SIw1kq9NjolL509tkABRk9io01RAjSaEv1Xb2uFLt8VtRiZbGp5H8iDtg==

fclone@^1.0.11:
  version "1.0.11"
  resolved "https://yarn.btcore.app/fclone/-/fclone-1.0.11.tgz#10e85da38bfea7fc599341c296ee1d77266ee640"
  integrity sha1-EOhdo4v+p/xZk0HClu4ddyZu5kA=

fecha@^2.3.3:
  version "2.3.3"
  resolved "https://yarn.btcore.app/fecha/-/fecha-2.3.3.tgz#948e74157df1a32fd1b12c3a3c3cdcb6ec9d96cd"
  integrity sha512-lUGBnIamTAwk4znq5BcqsDaxSmZ9nDVJaij6NvRt/Tg4R69gERA+otPKbS86ROw9nxVMw2/mp1fnaiWqbs6Sdg==

form-data@^2.3.1:
  version "2.3.3"
  resolved "https://yarn.btcore.app/form-data/-/form-data-2.3.3.tgz#dcce52c05f644f298c6a7ab936bd724ceffbf3a6"
  integrity sha512-1lLKB2Mu3aGP1Q/2eCOx0fNbRMe7XdwktwOruhfqqd0rIJWwN4Dh+E3hrPSlDCXnSR7UtZ1N38rVXm+6+MEhJQ==
  dependencies:
    asynckit "^0.4.0"
    combined-stream "^1.0.6"
    mime-types "^2.1.12"

formidable@^1.2.0:
  version "1.2.1"
  resolved "https://yarn.btcore.app/formidable/-/formidable-1.2.1.tgz#70fb7ca0290ee6ff961090415f4b3df3d2082659"
  integrity sha512-Fs9VRguL0gqGHkXS5GQiMCr1VhZBxz0JnJs4JmMp/2jL18Fmbzvv7vOFRU+U8TBkHEE/CX1qDXzJplVULgsLeg==

get-port@^5.0.0:
  version "5.0.0"
  resolved "https://yarn.btcore.app/get-port/-/get-port-5.0.0.tgz#aa22b6b86fd926dd7884de3e23332c9f70c031a6"
  integrity sha512-imzMU0FjsZqNa6BqOjbbW6w5BivHIuQKopjpPqcnx0AVHJQKCxK1O+Ab3OrVXhrekqfVMjwA9ZYu062R+KcIsQ==
  dependencies:
    type-fest "^0.3.0"

https-proxy-agent@2.2.1:
  version "2.2.1"
  resolved "https://yarn.btcore.app/https-proxy-agent/-/https-proxy-agent-2.2.1.tgz#51552970fa04d723e04c56d04178c3f92592bbc0"
  integrity sha512-HPCTS1LW51bcyMYbxUIOO4HEOlQ1/1qRaFWcyxvwaqUS9TY88aoEuHUY33kuAh1YhVVaDQhLZsnPd+XNARWZlQ==
  dependencies:
    agent-base "^4.1.0"
    debug "^3.1.0"

inherits@^2.0.3, inherits@~2.0.3:
  version "2.0.3"
  resolved "https://yarn.btcore.app/inherits/-/inherits-2.0.3.tgz#633c2c83e3da42a502f52466022480f4208261de"
  integrity sha1-Yzwsg+PaQqUC9SRmAiSA9CCCYd4=

is-arrayish@^0.3.1:
  version "0.3.2"
  resolved "https://yarn.btcore.app/is-arrayish/-/is-arrayish-0.3.2.tgz#4574a2ae56f7ab206896fb431eaeed066fdf8f03"
  integrity sha512-eVRqCvVlZbuw3GrM63ovNSNAeA1K16kaR/LRY/92w0zxQ5/1YzwblUX652i4Xs9RwAGjW9d9y6X88t8OaAJfWQ==

is-stream@^1.1.0:
  version "1.1.0"
  resolved "https://yarn.btcore.app/is-stream/-/is-stream-1.1.0.tgz#12d4a3dd4e68e0b79ceb8dbc84173ae80d91ca44"
  integrity sha1-EtSj3U5o4Lec6428hBc66A2RykQ=

isarray@~1.0.0:
  version "1.0.0"
  resolved "https://yarn.btcore.app/isarray/-/isarray-1.0.0.tgz#bb935d48582cba168c06834957a54a3e07124f11"
  integrity sha1-u5NdSFgsuhaMBoNJV6VKPgcSTxE=

kuler@1.0.x:
  version "1.0.1"
  resolved "https://yarn.btcore.app/kuler/-/kuler-1.0.1.tgz#ef7c784f36c9fb6e16dd3150d152677b2b0228a6"
  integrity sha512-J9nVUucG1p/skKul6DU3PUZrhs0LPulNaeUOox0IyXDi8S4CztTHs1gQphhuZmzXG7VOQSf6NJfKuzteQLv9gQ==
  dependencies:
    colornames "^1.1.1"

lodash@^4.17.11:
  version "4.17.11"
  resolved "https://yarn.btcore.app/lodash/-/lodash-4.17.11.tgz#b39ea6229ef607ecd89e2c8df12536891cac9b8d"
  integrity sha512-cQKh8igo5QUhZ7lg38DYWAxMvjSAKG0A8wGSVimP07SIUEK2UO+arSRKbRZWtelMtN5V0Hkwh5ryOto/SshYIg==

logform@^2.1.1:
  version "2.1.2"
  resolved "https://yarn.btcore.app/logform/-/logform-2.1.2.tgz#957155ebeb67a13164069825ce67ddb5bb2dd360"
  integrity sha512-+lZh4OpERDBLqjiwDLpAWNQu6KMjnlXH2ByZwCuSqVPJletw0kTWJf5CgSNAUKn1KUkv3m2cUz/LK8zyEy7wzQ==
  dependencies:
    colors "^1.2.1"
    fast-safe-stringify "^2.0.4"
    fecha "^2.3.3"
    ms "^2.1.1"
    triple-beam "^1.3.0"

lru_map@0.3.3:
  version "0.3.3"
  resolved "https://yarn.btcore.app/lru_map/-/lru_map-0.3.3.tgz#b5c8351b9464cbd750335a79650a0ec0e56118dd"
  integrity sha1-tcg1G5Rky9dQM1p5ZQoOwOVhGN0=

methods@^1.1.1, methods@^1.1.2:
  version "1.1.2"
  resolved "https://yarn.btcore.app/methods/-/methods-1.1.2.tgz#5529a4d67654134edcc5266656835b0f851afcee"
  integrity sha1-VSmk1nZUE07cxSZmVoNbD4Ua/O4=

mime-db@1.40.0:
  version "1.40.0"
  resolved "https://yarn.btcore.app/mime-db/-/mime-db-1.40.0.tgz#a65057e998db090f732a68f6c276d387d4126c32"
  integrity sha512-jYdeOMPy9vnxEqFRRo6ZvTZ8d9oPb+k18PKoYNYUe2stVEBPPwsln/qWzdbmaIvnhZ9v2P+CuecK+fpUfsV2mA==

mime-types@^2.1.12:
  version "2.1.24"
  resolved "https://yarn.btcore.app/mime-types/-/mime-types-2.1.24.tgz#b6f8d0b3e951efb77dedeca194cff6d16f676f81"
  integrity sha512-WaFHS3MCl5fapm3oLxU4eYDw77IQM2ACcxQ9RIxfaC3ooc6PFuBMGZZsYpvoXS5D5QTWPieo1jjLdAm3TBP3cQ==
  dependencies:
    mime-db "1.40.0"

mime@^1.4.1:
  version "1.6.0"
  resolved "https://yarn.btcore.app/mime/-/mime-1.6.0.tgz#32cd9e5c64553bd58d19a568af452acff04981b1"
  integrity sha512-x0Vn8spI+wuJ1O6S7gnbaQg8Pxh4NNHb7KSINmEWKiPE4RKOplvijn+NkmYmmRgP68mc70j2EbeTFRsrswaQeg==

ms@^2.1.1:
  version "2.1.1"
  resolved "https://yarn.btcore.app/ms/-/ms-2.1.1.tgz#30a5864eb3ebb0a66f2ebe6d727af06a09d86e0a"
  integrity sha512-tgp+dl5cGk28utYktBsrFqA7HKgrhgPsg6Z/EfhWI4gl1Hwq8B/GmY/0oXZ6nF8hDVesS/FpnYaD/kOWhYQvyg==

one-time@0.0.4:
  version "0.0.4"
  resolved "https://yarn.btcore.app/one-time/-/one-time-0.0.4.tgz#f8cdf77884826fe4dff93e3a9cc37b1e4480742e"
  integrity sha1-+M33eISCb+Tf+T46nMN7HkSAdC4=

process-nextick-args@~2.0.0:
  version "2.0.0"
  resolved "https://yarn.btcore.app/process-nextick-args/-/process-nextick-args-2.0.0.tgz#a37d732f4271b4ab1ad070d35508e8290788ffaa"
  integrity sha512-MtEC1TqN0EU5nephaJ4rAtThHtC86dNN9qCuEhtshvpVBkAW5ZO7BASN9REnF9eoXGcRub+pFuKEpOHE+HbEMw==

qs@^6.5.1:
  version "6.7.0"
  resolved "https://yarn.btcore.app/qs/-/qs-6.7.0.tgz#41dc1a015e3d581f1621776be31afb2876a9b1bc"
  integrity sha512-VCdBRNFTX1fyE7Nb6FYoURo/SPe62QCaAyzJvUjwRaIsc+NePBEniHlvxFmmX56+HZphIGtV0XeCirBtpDrTyQ==

readable-stream@^2.3.5, readable-stream@^2.3.6:
  version "2.3.6"
  resolved "https://yarn.btcore.app/readable-stream/-/readable-stream-2.3.6.tgz#b11c27d88b8ff1fbe070643cf94b0c79ae1b0aaf"
  integrity sha512-tQtKA9WIAhBF3+VLAseyMqZeBjW0AHJoxOtYqSUZNJxauErmLbVm2FW1y+J/YA9dUrAC39ITejlZWhVIwawkKw==
  dependencies:
    core-util-is "~1.0.0"
    inherits "~2.0.3"
    isarray "~1.0.0"
    process-nextick-args "~2.0.0"
    safe-buffer "~5.1.1"
    string_decoder "~1.1.1"
    util-deprecate "~1.0.1"

readable-stream@^3.1.1:
  version "3.3.0"
  resolved "https://yarn.btcore.app/readable-stream/-/readable-stream-3.3.0.tgz#cb8011aad002eb717bf040291feba8569c986fb9"
  integrity sha512-EsI+s3k3XsW+fU8fQACLN59ky34AZ14LoeVZpYwmZvldCFo0r0gnelwF2TcMjLor/BTL5aDJVBMkss0dthToPw==
  dependencies:
    inherits "^2.0.3"
    string_decoder "^1.1.1"
    util-deprecate "^1.0.1"

safe-buffer@~5.1.0, safe-buffer@~5.1.1:
  version "5.1.2"
  resolved "https://yarn.btcore.app/safe-buffer/-/safe-buffer-5.1.2.tgz#991ec69d296e0313747d59bdfd2b745c35f8828d"
  integrity sha512-Gd2UZBJDkXlY7GbJxfsE8/nvKkUEU1G38c1siN6QP6a9PT9MmHB8GnpscSmMJSoF8LOIrt8ud/wPtojys4G6+g==

simple-swizzle@^0.2.2:
  version "0.2.2"
  resolved "https://yarn.btcore.app/simple-swizzle/-/simple-swizzle-0.2.2.tgz#a4da6b635ffcccca33f70d17cb92592de95e557a"
  integrity sha1-pNprY1/8zMoz9w0Xy5JZLeleVXo=
  dependencies:
    is-arrayish "^0.3.1"

stack-trace@0.0.x:
  version "0.0.10"
  resolved "https://yarn.btcore.app/stack-trace/-/stack-trace-0.0.10.tgz#547c70b347e8d32b4e108ea1a2a159e5fdde19c0"
  integrity sha1-VHxws0fo0ytOEI6hoqFZ5f3eGcA=

string_decoder@^1.1.1:
  version "1.2.0"
  resolved "https://yarn.btcore.app/string_decoder/-/string_decoder-1.2.0.tgz#fe86e738b19544afe70469243b2a1ee9240eae8d"
  integrity sha512-6YqyX6ZWEYguAxgZzHGL7SsCeGx3V2TtOTqZz1xSTSWnqsbWwbptafNyvf/ACquZUXV3DANr5BDIwNYe1mN42w==
  dependencies:
    safe-buffer "~5.1.0"

string_decoder@~1.1.1:
  version "1.1.1"
  resolved "https://yarn.btcore.app/string_decoder/-/string_decoder-1.1.1.tgz#9cf1611ba62685d7030ae9e4ba34149c3af03fc8"
  integrity sha512-n/ShnvDi6FHbbVfviro+WojiFzv+s8MPMHBczVePfUpDJLwoLT0ht1l4YwBCbi8pJAveEEdnkHyPyTP/mzRfwg==
  dependencies:
    safe-buffer "~5.1.0"

superagent@^3.8.3:
  version "3.8.3"
  resolved "https://yarn.btcore.app/superagent/-/superagent-3.8.3.tgz#460ea0dbdb7d5b11bc4f78deba565f86a178e128"
  integrity sha512-GLQtLMCoEIK4eDv6OGtkOoSMt3D+oq0y3dsxMuYuDvaNUvuT8eFBuLmfR0iYYzHC1e8hpzC6ZsxbuP6DIalMFA==
  dependencies:
    component-emitter "^1.2.0"
    cookiejar "^2.1.0"
    debug "^3.1.0"
    extend "^3.0.0"
    form-data "^2.3.1"
    formidable "^1.2.0"
    methods "^1.1.1"
    mime "^1.4.1"
    qs "^6.5.1"
    readable-stream "^2.3.5"

supertest@^4.0.2:
  version "4.0.2"
  resolved "https://yarn.btcore.app/supertest/-/supertest-4.0.2.tgz#c2234dbdd6dc79b6f15b99c8d6577b90e4ce3f36"
  integrity sha512-1BAbvrOZsGA3YTCWqbmh14L0YEq0EGICX/nBnfkfVJn7SrxQV1I3pMYjSzG9y/7ZU2V9dWqyqk2POwxlb09duQ==
  dependencies:
    methods "^1.1.2"
    superagent "^3.8.3"

text-hex@1.0.x:
  version "1.0.0"
  resolved "https://yarn.btcore.app/text-hex/-/text-hex-1.0.0.tgz#69dc9c1b17446ee79a92bf5b884bb4b9127506f5"
  integrity sha512-uuVGNWzgJ4yhRaNSiubPY7OjISw4sw4E5Uv0wbjp+OzcbmVU/rsT8ujgcXJhn9ypzsgr5vlzpPqP+MBBKcGvbg==

triple-beam@^1.2.0, triple-beam@^1.3.0:
  version "1.3.0"
  resolved "https://yarn.btcore.app/triple-beam/-/triple-beam-1.3.0.tgz#a595214c7298db8339eeeee083e4d10bd8cb8dd9"
  integrity sha512-XrHUvV5HpdLmIj4uVMxHggLbFSZYIn7HEWsqePZcI50pco+MPqJ50wMGY794X7AOOhxOBAjbkqfAbEe/QMp2Lw==

tslib@^1.9.3:
  version "1.9.3"
  resolved "https://yarn.btcore.app/tslib/-/tslib-1.9.3.tgz#d7e4dd79245d85428c4d7e4822a79917954ca286"
  integrity sha512-4krF8scpejhaOgqzBEcGM7yDIEfi0/8+8zDRZhNZZ2kjmHJ4hv3zCbQWxoJGz1iw5U0Jl0nma13xzHXcncMavQ==

type-fest@^0.3.0:
  version "0.3.1"
  resolved "https://yarn.btcore.app/type-fest/-/type-fest-0.3.1.tgz#63d00d204e059474fe5e1b7c011112bbd1dc29e1"
  integrity sha512-cUGJnCdr4STbePCgqNFbpVNCepa+kAVohJs1sLhxzdH+gnEoOd8VhbYa7pD3zZYGiURWM2xzEII3fQcRizDkYQ==

util-deprecate@^1.0.1, util-deprecate@~1.0.1:
  version "1.0.2"
  resolved "https://yarn.btcore.app/util-deprecate/-/util-deprecate-1.0.2.tgz#450d4dc9fa70de732762fbd2d4a28981419a0ccf"
  integrity sha1-RQ1Nyfpw3nMnYvvS1KKJgUGaDM8=

winston-transport@^4.3.0:
  version "4.3.0"
  resolved "https://yarn.btcore.app/winston-transport/-/winston-transport-4.3.0.tgz#df68c0c202482c448d9b47313c07304c2d7c2c66"
  integrity sha512-B2wPuwUi3vhzn/51Uukcao4dIduEiPOcOt9HJ3QeaXgkJ5Z7UwpBzxS4ZGNHtrxrUvTwemsQiSys0ihOf8Mp1A==
  dependencies:
    readable-stream "^2.3.6"
    triple-beam "^1.2.0"

winston@^3.2.1:
  version "3.2.1"
  resolved "https://yarn.btcore.app/winston/-/winston-3.2.1.tgz#63061377976c73584028be2490a1846055f77f07"
  integrity sha512-zU6vgnS9dAWCEKg/QYigd6cgMVVNwyTzKs81XZtTFuRwJOcDdBg7AU0mXVyNbs7O5RH2zdv+BdNZUlx7mXPuOw==
  dependencies:
    async "^2.6.1"
    diagnostics "^1.1.1"
    is-stream "^1.1.0"
    logform "^2.1.1"
    one-time "0.0.4"
    readable-stream "^3.1.1"
    stack-trace "0.0.x"
    triple-beam "^1.3.0"
    winston-transport "^4.3.0"
